
Microsoft Visual Studio Solution File, Format Version 12.00
# Visual Studio Version 16
VisualStudioVersion = 16.0.32901.82
MinimumVisualStudioVersion = 10.0.40219.1
Project("{FAE04EC0-301F-11D3-BF4B-00C04F79EFBC}") = "formulario", "control_de_stocks\formulario.csproj", "{1D24F038-B4C3-49DA-B9AA-C8C0B871612C}"
EndProject
Project("{FAE04EC0-301F-11D3-BF4B-00C04F79EFBC}") = "dominio", "dominio\dominio.csproj", "{EAFCF8AB-4AEC-41F6-8B83-3AAB99EC39C9}"
EndProject
Project("{FAE04EC0-301F-11D3-BF4B-00C04F79EFBC}") = "negocio", "negocio\negocio.csproj", "{1A3E71B8-477E-4236-99F3-EF5C75136EC5}"
EndProject
Project("{FAE04EC0-301F-11D3-BF4B-00C04F79EFBC}") = "Auxilio", "Auxilio\Auxilio.csproj", "{BACABC37-58AF-44AA-83C1-2E228958913C}"
EndProject
Global
	GlobalSection(SolutionConfigurationPlatforms) = preSolution
		Debug|Any CPU = Debug|Any CPU
		Release|Any CPU = Release|Any CPU
	EndGlobalSection
	GlobalSection(ProjectConfigurationPlatforms) = postSolution
		{1D24F038-B4C3-49DA-B9AA-C8C0B871612C}.Debug|Any CPU.ActiveCfg = Debug|Any CPU
		{1D24F038-B4C3-49DA-B9AA-C8C0B871612C}.Debug|Any CPU.Build.0 = Debug|Any CPU
		{1D24F038-B4C3-49DA-B9AA-C8C0B871612C}.Release|Any CPU.ActiveCfg = Release|Any CPU
		{1D24F038-B4C3-49DA-B9AA-C8C0B871612C}.Release|Any CPU.Build.0 = Release|Any CPU
		{EAFCF8AB-4AEC-41F6-8B83-3AAB99EC39C9}.Debug|Any CPU.ActiveCfg = Debug|Any CPU
		{EAFCF8AB-4AEC-41F6-8B83-3AAB99EC39C9}.Debug|Any CPU.Build.0 = Debug|Any CPU
		{EAFCF8AB-4AEC-41F6-8B83-3AAB99EC39C9}.Release|Any CPU.ActiveCfg = Release|Any CPU
		{EAFCF8AB-4AEC-41F6-8B83-3AAB99EC39C9}.Release|Any CPU.Build.0 = Release|Any CPU
		{1A3E71B8-477E-4236-99F3-EF5C75136EC5}.Debug|Any CPU.ActiveCfg = Debug|Any CPU
		{1A3E71B8-477E-4236-99F3-EF5C75136EC5}.Debug|Any CPU.Build.0 = Debug|Any CPU
		{1A3E71B8-477E-4236-99F3-EF5C75136EC5}.Release|Any CPU.ActiveCfg = Release|Any CPU
		{1A3E71B8-477E-4236-99F3-EF5C75136EC5}.Release|Any CPU.Build.0 = Release|Any CPU
		{BACABC37-58AF-44AA-83C1-2E228958913C}.Debug|Any CPU.ActiveCfg = Debug|Any CPU
		{BACABC37-58AF-44AA-83C1-2E228958913C}.Debug|Any CPU.Build.0 = Debug|Any CPU
		{BACABC37-58AF-44AA-83C1-2E228958913C}.Release|Any CPU.ActiveCfg = Release|Any CPU
		{BACABC37-58AF-44AA-83C1-2E228958913C}.Release|Any CPU.Build.0 = Release|Any CPU
	EndGlobalSection
	GlobalSection(SolutionProperties) = preSolution
		HideSolutionNode = FALSE
	EndGlobalSection
	GlobalSection(ExtensibilityGlobals) = postSolution
		SolutionGuid = {C722839A-83C4-4597-A036-AD0B8E50A4CA}
	EndGlobalSection
EndGlobal
